
Microsoft Visual Studio Solution File, Format Version 12.00
# Visual Studio Version 17
VisualStudioVersion = 17.8.34330.188
MinimumVisualStudioVersion = 10.0.40219.1
Project("{9A19103F-16F7-4668-BE54-9A1E7A4F7556}") = "ToDoList", "ToDoList\ToDoList.csproj", "{2E0F700C-6EED-47A5-8F94-4CE992FF6EAA}"
EndProject
Project("{FAE04EC0-301F-11D3-BF4B-00C04F79EFBC}") = "Calculator", "Calculator\Calculator.csproj", "{BD6E8900-8DCB-42A8-8095-96A2C7B9F340}"
EndProject
Global
	GlobalSection(SolutionConfigurationPlatforms) = preSolution
		Debug|Any CPU = Debug|Any CPU
		Release|Any CPU = Release|Any CPU
	EndGlobalSection
	GlobalSection(ProjectConfigurationPlatforms) = postSolution
		{2E0F700C-6EED-47A5-8F94-4CE992FF6EAA}.Debug|Any CPU.ActiveCfg = Debug|Any CPU
		{2E0F700C-6EED-47A5-8F94-4CE992FF6EAA}.Debug|Any CPU.Build.0 = Debug|Any CPU
		{2E0F700C-6EED-47A5-8F94-4CE992FF6EAA}.Release|Any CPU.ActiveCfg = Release|Any CPU
		{2E0F700C-6EED-47A5-8F94-4CE992FF6EAA}.Release|Any CPU.Build.0 = Release|Any CPU
		{BD6E8900-8DCB-42A8-8095-96A2C7B9F340}.Debug|Any CPU.ActiveCfg = Debug|Any CPU
		{BD6E8900-8DCB-42A8-8095-96A2C7B9F340}.Debug|Any CPU.Build.0 = Debug|Any CPU
		{BD6E8900-8DCB-42A8-8095-96A2C7B9F340}.Release|Any CPU.ActiveCfg = Release|Any CPU
		{BD6E8900-8DCB-42A8-8095-96A2C7B9F340}.Release|Any CPU.Build.0 = Release|Any CPU
	EndGlobalSection
	GlobalSection(SolutionProperties) = preSolution
		HideSolutionNode = FALSE
	EndGlobalSection
	GlobalSection(ExtensibilityGlobals) = postSolution
		SolutionGuid = {CC7D1DBC-101B-4561-A620-0287201328C0}
	EndGlobalSection
EndGlobal
